{
  "name": "socket-event",
  "version": "1.0.0",
  "lockfileVersion": 2,
  "requires": true,
  "packages": {
    "": {
      "name": "socket-event",
      "version": "1.0.0",
      "license": "ISC",
      "dependencies": {
        "electron-log": "^5.0.0-beta.16"
      }
    },
    "node_modules/electron-log": {
      "version": "5.0.0-beta.16",
      "resolved": "https://registry.npmjs.org/electron-log/-/electron-log-5.0.0-beta.16.tgz",
      "integrity": "sha512-oBGFKjAsOXyzhvJIW0s+HIA7cV+kZ0B0FvO3hKyS8yPDGFsjQyr3M8N7ZyYxI6yEeihVID3CCfsTmpi6L9k0gw==",
      "engines": {
        "electron": ">= 13",
        "node": ">= 14"
      }
    }
  },
  "dependencies": {
    "electron-log": {
      "version": "5.0.0-beta.16",
      "resolved": "https://registry.npmjs.org/electron-log/-/electron-log-5.0.0-beta.16.tgz",
      "integrity": "sha512-oBGFKjAsOXyzhvJIW0s+HIA7cV+kZ0B0FvO3hKyS8yPDGFsjQyr3M8N7ZyYxI6yEeihVID3CCfsTmpi6L9k0gw=="
    }
  }
}
